
Microsoft Visual Studio Solution File, Format Version 12.00
# Visual Studio Version 17
VisualStudioVersion = 17.10.35013.160
MinimumVisualStudioVersion = 10.0.40219.1
Project("{FAE04EC0-301F-11D3-BF4B-00C04F79EFBC}") = "LibraryManagementAPI", "LibraryManagementAPI\LibraryManagementAPI.csproj", "{1B9538B3-DF46-4E82-9A69-AFAC9587A179}"
EndProject
Global
	GlobalSection(SolutionConfigurationPlatforms) = preSolution
		Debug|Any CPU = Debug|Any CPU
		Release|Any CPU = Release|Any CPU
	EndGlobalSection
	GlobalSection(ProjectConfigurationPlatforms) = postSolution
		{1B9538B3-DF46-4E82-9A69-AFAC9587A179}.Debug|Any CPU.ActiveCfg = Debug|Any CPU
		{1B9538B3-DF46-4E82-9A69-AFAC9587A179}.Debug|Any CPU.Build.0 = Debug|Any CPU
		{1B9538B3-DF46-4E82-9A69-AFAC9587A179}.Release|Any CPU.ActiveCfg = Release|Any CPU
		{1B9538B3-DF46-4E82-9A69-AFAC9587A179}.Release|Any CPU.Build.0 = Release|Any CPU
	EndGlobalSection
	GlobalSection(SolutionProperties) = preSolution
		HideSolutionNode = FALSE
	EndGlobalSection
	GlobalSection(ExtensibilityGlobals) = postSolution
		SolutionGuid = {40B89355-64D3-4083-84E7-303CF4D1EF3E}
	EndGlobalSection
EndGlobal
